{
  "name": "node-casamiento",
  "version": "0.0.1",
  "lockfileVersion": 3,
  "requires": true,
  "packages": {
    "": {
      "name": "node-casamiento",
      "version": "0.0.1",
      "dependencies": {
        "async": "0.1.x",
        "cradle": "0.6.x",
        "ejs": "0.8.x",
        "express": "3.4.x",
        "express-partials": "0.1.x",
        "express-resource": "1.0.x",
        "sendgrid": "1.0.4",
        "underscore": "1.3.x",
        "xml2js": "0.1.x"
      },
      "engines": {
        "node": "0.8.x",
        "npm": "1.1.x"
      }
    },
    "node_modules/async": {
      "version": "0.1.22"
    },
    "node_modules/cookie": {
      "version": "0.1.0",
      "resolved": "https://registry.npmjs.org/cookie/-/cookie-0.1.0.tgz",
      "integrity": "sha512-YSNOBX085/nzHvrTLEHYHoNdkvpLU1MPjU3r1IGawudZJjfuqnRNIFrcOJJ7bfwC+HWbHL1Y4yMkC0O+HWjV7w==",
      "engines": {
        "node": "*"
      }
    },
    "node_modules/cradle": {
      "version": "0.6.7",
      "dependencies": {
        "follow": "0.10.x",
        "request": "2.x.x",
        "vargs": "0.1.0"
      },
      "engines": {
        "node": ">=0.6.0"
      }
    },
    "node_modules/cradle/node_modules/follow": {
      "version": "0.10.4",
      "dependencies": {
        "browser-request": "~0.3.0",
        "debug": "~0.7.2",
        "request": "~2.30.0"
      },
      "bin": {
        "follow": "cli.js"
      },
      "engines": {
        "node": "0.10.x || 0.8.x"
      }
    },
    "node_modules/cradle/node_modules/follow/node_modules/browser-request": {
      "version": "0.3.1",
      "engines": [
        "node"
      ]
    },
    "node_modules/cradle/node_modules/follow/node_modules/debug": {
      "version": "0.7.4",
      "engines": {
        "node": "*"
      }
    },
    "node_modules/cradle/node_modules/follow/node_modules/request": {
      "version": "2.30.0",
      "engines": [
        "node >= 0.8.0"
      ],
      "dependencies": {
        "forever-agent": "~0.5.0",
        "json-stringify-safe": "~5.0.0",
        "mime": "~1.2.9",
        "node-uuid": "~1.4.0",
        "qs": "~0.6.0"
      },
      "optionalDependencies": {
        "aws-sign2": "~0.5.0",
        "form-data": "~0.1.0",
        "hawk": "~1.0.0",
        "http-signature": "~0.10.0",
        "oauth-sign": "~0.3.0",
        "tough-cookie": "~0.9.15",
        "tunnel-agent": "~0.3.0"
      }
    },
    "node_modules/cradle/node_modules/follow/node_modules/request/node_modules/aws-sign2": {
      "version": "0.5.0",
      "optional": true,
      "engines": {
        "node": "*"
      }
    },
    "node_modules/cradle/node_modules/follow/node_modules/request/node_modules/forever-agent": {
      "version": "0.5.2",
      "engines": {
        "node": "*"
      }
    },
    "node_modules/cradle/node_modules/follow/node_modules/request/node_modules/form-data": {
      "version": "0.1.4",
      "optional": true,
      "dependencies": {
        "async": "~0.9.0",
        "combined-stream": "~0.0.4",
        "mime": "~1.2.11"
      },
      "engines": {
        "node": ">= 0.8"
      }
    },
    "node_modules/cradle/node_modules/follow/node_modules/request/node_modules/form-data/node_modules/async": {
      "version": "0.9.0",
      "optional": true
    },
    "node_modules/cradle/node_modules/follow/node_modules/request/node_modules/form-data/node_modules/combined-stream": {
      "version": "0.0.5",
      "optional": true,
      "dependencies": {
        "delayed-stream": "0.0.5"
      },
      "engines": {
        "node": ">= 0.8"
      }
    },
    "node_modules/cradle/node_modules/follow/node_modules/request/node_modules/form-data/node_modules/combined-stream/node_modules/delayed-stream": {
      "version": "0.0.5",
      "optional": true,
      "engines": {
        "node": ">=0.4.0"
      }
    },
    "node_modules/cradle/node_modules/follow/node_modules/request/node_modules/hawk": {
      "version": "1.0.0",
      "optional": true,
      "dependencies": {
        "boom": "0.4.x",
        "cryptiles": "0.2.x",
        "hoek": "0.9.x",
        "sntp": "0.2.x"
      },
      "engines": {
        "node": ">=0.8.0"
      }
    },
    "node_modules/cradle/node_modules/follow/node_modules/request/node_modules/hawk/node_modules/boom": {
      "version": "0.4.2",
      "optional": true,
      "dependencies": {
        "hoek": "0.9.x"
      },
      "engines": {
        "node": ">=0.8.0"
      }
    },
    "node_modules/cradle/node_modules/follow/node_modules/request/node_modules/hawk/node_modules/cryptiles": {
      "version": "0.2.2",
      "optional": true,
      "dependencies": {
        "boom": "0.4.x"
      },
      "engines": {
        "node": ">=0.8.0"
      }
    },
    "node_modules/cradle/node_modules/follow/node_modules/request/node_modules/hawk/node_modules/hoek": {
      "version": "0.9.1",
      "optional": true,
      "engines": {
        "node": ">=0.8.0"
      }
    },
    "node_modules/cradle/node_modules/follow/node_modules/request/node_modules/hawk/node_modules/sntp": {
      "version": "0.2.4",
      "optional": true,
      "dependencies": {
        "hoek": "0.9.x"
      },
      "engines": {
        "node": ">=0.8.0"
      }
    },
    "node_modules/cradle/node_modules/follow/node_modules/request/node_modules/http-signature": {
      "version": "0.10.0",
      "optional": true,
      "dependencies": {
        "asn1": "0.1.11",
        "assert-plus": "0.1.2",
        "ctype": "0.5.2"
      },
      "engines": {
        "node": ">=0.8"
      }
    },
    "node_modules/cradle/node_modules/follow/node_modules/request/node_modules/http-signature/node_modules/asn1": {
      "version": "0.1.11",
      "optional": true,
      "engines": {
        "node": ">=0.4.9"
      }
    },
    "node_modules/cradle/node_modules/follow/node_modules/request/node_modules/http-signature/node_modules/assert-plus": {
      "version": "0.1.2",
      "optional": true,
      "engines": {
        "node": ">=0.6"
      }
    },
    "node_modules/cradle/node_modules/follow/node_modules/request/node_modules/http-signature/node_modules/ctype": {
      "version": "0.5.2",
      "optional": true,
      "engines": {
        "node": ">= 0.4"
      }
    },
    "node_modules/cradle/node_modules/follow/node_modules/request/node_modules/json-stringify-safe": {
      "version": "5.0.0",
      "license": "BSD"
    },
    "node_modules/cradle/node_modules/follow/node_modules/request/node_modules/node-uuid": {
      "version": "1.4.1"
    },
    "node_modules/cradle/node_modules/follow/node_modules/request/node_modules/oauth-sign": {
      "version": "0.3.0",
      "optional": true,
      "engines": {
        "node": "*"
      }
    },
    "node_modules/cradle/node_modules/follow/node_modules/request/node_modules/qs": {
      "version": "0.6.6",
      "engines": {
        "node": "*"
      }
    },
    "node_modules/cradle/node_modules/follow/node_modules/request/node_modules/tough-cookie": {
      "version": "0.9.15",
      "optional": true,
      "dependencies": {
        "punycode": ">=0.2.0"
      },
      "engines": {
        "node": ">=0.4.12"
      }
    },
    "node_modules/cradle/node_modules/follow/node_modules/request/node_modules/tough-cookie/node_modules/punycode": {
      "version": "1.3.0",
      "optional": true
    },
    "node_modules/cradle/node_modules/follow/node_modules/request/node_modules/tunnel-agent": {
      "version": "0.3.0",
      "optional": true,
      "engines": {
        "node": "*"
      }
    },
    "node_modules/cradle/node_modules/vargs": {
      "version": "0.1.0",
      "engines": {
        "node": ">=0.1.93"
      }
    },
    "node_modules/debug": {
      "version": "4.4.3",
      "resolved": "https://registry.npmjs.org/debug/-/debug-4.4.3.tgz",
      "integrity": "sha512-RGwwWnwQvkVfavKVt22FGLw+xYSdzARwm0ru6DhTVA3umU5hZc28V3kO4stgYryrTlLpuvgI9GiijltAjNbcqA==",
      "dependencies": {
        "ms": "^2.1.3"
      },
      "engines": {
        "node": ">=6.0"
      },
      "peerDependenciesMeta": {
        "supports-color": {
          "optional": true
        }
      }
    },
    "node_modules/ejs": {
      "version": "0.8.5"
    },
    "node_modules/express": {
      "version": "3.4.7",
      "dependencies": {
        "buffer-crc32": "0.2.1",
        "commander": "1.3.2",
        "connect": "2.12.0",
        "cookie": "0.1.0",
        "cookie-signature": "1.0.1",
        "debug": ">= 0.7.3 < 1",
        "fresh": "0.2.0",
        "merge-descriptors": "0.0.1",
        "methods": "0.1.0",
        "mkdirp": "0.3.5",
        "range-parser": "0.0.4",
        "send": "0.1.4"
      },
      "bin": {
        "express": "bin/express"
      },
      "engines": {
        "node": ">= 0.8.0"
      }
    },
    "node_modules/express-partials": {
      "version": "0.1.1",
      "engines": {
        "node": "*"
      }
    },
    "node_modules/express-resource": {
      "version": "1.0.0",
      "dependencies": {
        "debug": "*",
        "lingo": ">= 0.0.4",
        "methods": "0.0.1"
      },
      "engines": {
        "node": "*"
      }
    },
    "node_modules/express-resource/node_modules/lingo": {
      "version": "0.0.5",
      "engines": {
        "node": ">= 0.2.0"
      }
    },
    "node_modules/express-resource/node_modules/methods": {
      "version": "0.0.1",
      "license": "MIT"
    },
    "node_modules/express/node_modules/buffer-crc32": {
      "version": "0.2.1",
      "engines": {
        "node": "*"
      }
    },
    "node_modules/express/node_modules/commander": {
      "version": "1.3.2",
      "dependencies": {
        "keypress": "0.1.x"
      },
      "engines": {
        "node": ">= 0.6.x"
      }
    },
    "node_modules/express/node_modules/commander/node_modules/keypress": {
      "version": "0.1.0",
      "license": "MIT"
    },
    "node_modules/express/node_modules/connect": {
      "version": "2.12.0",
      "dependencies": {
        "batch": "0.5.0",
        "buffer-crc32": "0.2.1",
        "bytes": "0.2.1",
        "cookie": "0.1.0",
        "cookie-signature": "1.0.1",
        "debug": ">= 0.7.3 < 1",
        "fresh": "0.2.0",
        "methods": "0.1.0",
        "multiparty": "2.2.0",
        "negotiator": "0.3.0",
        "pause": "0.0.1",
        "qs": "0.6.6",
        "raw-body": "1.1.2",
        "send": "0.1.4",
        "uid2": "0.0.3"
      },
      "engines": {
        "node": ">= 0.8.0"
      }
    },
    "node_modules/express/node_modules/connect/node_modules/batch": {
      "version": "0.5.0"
    },
    "node_modules/express/node_modules/connect/node_modules/bytes": {
      "version": "0.2.1"
    },
    "node_modules/express/node_modules/connect/node_modules/multiparty": {
      "version": "2.2.0",
      "license": "MIT",
      "dependencies": {
        "readable-stream": "~1.1.9",
        "stream-counter": "~0.2.0"
      },
      "engines": {
        "node": ">=0.8.0"
      }
    },
    "node_modules/express/node_modules/connect/node_modules/multiparty/node_modules/readable-stream": {
      "version": "1.1.9",
      "license": "MIT",
      "dependencies": {
        "core-util-is": "~1.0.0"
      },
      "optionalDependencies": {
        "debuglog": "0.0.2"
      }
    },
    "node_modules/express/node_modules/connect/node_modules/multiparty/node_modules/readable-stream/node_modules/core-util-is": {
      "version": "1.0.0",
      "license": "MIT"
    },
    "node_modules/express/node_modules/connect/node_modules/multiparty/node_modules/readable-stream/node_modules/debuglog": {
      "version": "0.0.2",
      "license": "MIT",
      "optional": true,
      "engines": {
        "node": "*"
      }
    },
    "node_modules/express/node_modules/connect/node_modules/multiparty/node_modules/stream-counter": {
      "version": "0.2.0",
      "license": "BSD",
      "dependencies": {
        "readable-stream": "~1.1.8"
      },
      "engines": {
        "node": ">=0.8.0"
      }
    },
    "node_modules/express/node_modules/connect/node_modules/negotiator": {
      "version": "0.3.0",
      "license": "MIT",
      "engines": {
        "node": "*"
      }
    },
    "node_modules/express/node_modules/connect/node_modules/pause": {
      "version": "0.0.1"
    },
    "node_modules/express/node_modules/connect/node_modules/qs": {
      "version": "0.6.6",
      "engines": {
        "node": "*"
      }
    },
    "node_modules/express/node_modules/connect/node_modules/raw-body": {
      "version": "1.1.2",
      "license": "MIT",
      "dependencies": {
        "bytes": "~0.2.1"
      },
      "engines": {
        "node": ">= 0.8.0"
      }
    },
    "node_modules/express/node_modules/connect/node_modules/uid2": {
      "version": "0.0.3"
    },
    "node_modules/express/node_modules/cookie-signature": {
      "version": "1.0.1"
    },
    "node_modules/express/node_modules/debug": {
      "version": "0.7.4",
      "engines": {
        "node": "*"
      }
    },
    "node_modules/express/node_modules/merge-descriptors": {
      "version": "0.0.1",
      "license": "MIT"
    },
    "node_modules/express/node_modules/methods": {
      "version": "0.1.0",
      "license": "MIT"
    },
    "node_modules/express/node_modules/mkdirp": {
      "version": "0.3.5",
      "license": "MIT"
    },
    "node_modules/fresh": {
      "version": "0.2.0",
      "resolved": "https://registry.npmjs.org/fresh/-/fresh-0.2.0.tgz",
      "integrity": "sha512-ckGdAuSRr1wBmnq7CsW7eU37DBwQxHx3vW8foJUIrF56rkOy8Osm6Fe8KSwemwyKejivKki7jVBgpBpBJexmrw=="
    },
    "node_modules/mime": {
      "version": "1.2.11",
      "resolved": "https://registry.npmjs.org/mime/-/mime-1.2.11.tgz",
      "integrity": "sha512-Ysa2F/nqTNGHhhm9MV8ure4+Hc+Y8AWiqUdHxsO7xu8zc92ND9f3kpALHjaP026Ft17UfxrMt95c50PLUeynBw=="
    },
    "node_modules/ms": {
      "version": "2.1.3",
      "resolved": "https://registry.npmjs.org/ms/-/ms-2.1.3.tgz",
      "integrity": "sha512-6FlzubTLZG3J2a/NVCAleEhjzq5oxgHyaCU9yYXvcLsvoVaHJq/s5xXI6/XXP6tz7R9xAOtHnSO/tXtF3WRTlA=="
    },
    "node_modules/range-parser": {
      "version": "0.0.4",
      "resolved": "https://registry.npmjs.org/range-parser/-/range-parser-0.0.4.tgz",
      "integrity": "sha512-okJVEq9DbZyg+5lD8pr6ooQmeA0uu8DYIyAU7VK1WUUK7hctI1yw2ZHhKiKjB6RXaDrYRmTR4SsIHkyiQpaLMA==",
      "engines": {
        "node": "*"
      }
    },
    "node_modules/request": {
      "version": "2.33.0",
      "engines": [
        "node >= 0.8.0"
      ],
      "dependencies": {
        "forever-agent": "~0.5.0",
        "json-stringify-safe": "~5.0.0",
        "mime": "~1.2.9",
        "node-uuid": "~1.4.0",
        "qs": "~0.6.0"
      },
      "optionalDependencies": {
        "aws-sign2": "~0.5.0",
        "form-data": "~0.1.0",
        "hawk": "~1.0.0",
        "http-signature": "~0.10.0",
        "oauth-sign": "~0.3.0",
        "tough-cookie": ">=0.12.0",
        "tunnel-agent": "~0.3.0"
      }
    },
    "node_modules/request/node_modules/aws-sign2": {
      "version": "0.5.0",
      "optional": true,
      "engines": {
        "node": "*"
      }
    },
    "node_modules/request/node_modules/forever-agent": {
      "version": "0.5.0",
      "engines": {
        "node": "*"
      }
    },
    "node_modules/request/node_modules/form-data": {
      "version": "0.1.2",
      "optional": true,
      "dependencies": {
        "async": "~0.2.9",
        "combined-stream": "~0.0.4",
        "mime": "~1.2.11"
      },
      "engines": {
        "node": ">= 0.6"
      }
    },
    "node_modules/request/node_modules/form-data/node_modules/async": {
      "version": "0.2.10",
      "optional": true
    },
    "node_modules/request/node_modules/form-data/node_modules/combined-stream": {
      "version": "0.0.4",
      "optional": true,
      "dependencies": {
        "delayed-stream": "0.0.5"
      },
      "engines": {
        "node": "*"
      }
    },
    "node_modules/request/node_modules/form-data/node_modules/combined-stream/node_modules/delayed-stream": {
      "version": "0.0.5",
      "optional": true,
      "engines": {
        "node": ">=0.4.0"
      }
    },
    "node_modules/request/node_modules/hawk": {
      "version": "1.0.0",
      "optional": true,
      "dependencies": {
        "boom": "0.4.x",
        "cryptiles": "0.2.x",
        "hoek": "0.9.x",
        "sntp": "0.2.x"
      },
      "engines": {
        "node": ">=0.8.0"
      }
    },
    "node_modules/request/node_modules/hawk/node_modules/boom": {
      "version": "0.4.2",
      "optional": true,
      "dependencies": {
        "hoek": "0.9.x"
      },
      "engines": {
        "node": ">=0.8.0"
      }
    },
    "node_modules/request/node_modules/hawk/node_modules/cryptiles": {
      "version": "0.2.2",
      "optional": true,
      "dependencies": {
        "boom": "0.4.x"
      },
      "engines": {
        "node": ">=0.8.0"
      }
    },
    "node_modules/request/node_modules/hawk/node_modules/hoek": {
      "version": "0.9.1",
      "optional": true,
      "engines": {
        "node": ">=0.8.0"
      }
    },
    "node_modules/request/node_modules/hawk/node_modules/sntp": {
      "version": "0.2.4",
      "optional": true,
      "dependencies": {
        "hoek": "0.9.x"
      },
      "engines": {
        "node": ">=0.8.0"
      }
    },
    "node_modules/request/node_modules/http-signature": {
      "version": "0.10.0",
      "optional": true,
      "dependencies": {
        "asn1": "0.1.11",
        "assert-plus": "0.1.2",
        "ctype": "0.5.2"
      },
      "engines": {
        "node": ">=0.8"
      }
    },
    "node_modules/request/node_modules/http-signature/node_modules/asn1": {
      "version": "0.1.11",
      "optional": true,
      "engines": {
        "node": ">=0.4.9"
      }
    },
    "node_modules/request/node_modules/http-signature/node_modules/assert-plus": {
      "version": "0.1.2",
      "optional": true,
      "engines": {
        "node": ">=0.6"
      }
    },
    "node_modules/request/node_modules/http-signature/node_modules/ctype": {
      "version": "0.5.2",
      "optional": true,
      "engines": {
        "node": ">= 0.4"
      }
    },
    "node_modules/request/node_modules/json-stringify-safe": {
      "version": "5.0.0",
      "license": "BSD"
    },
    "node_modules/request/node_modules/node-uuid": {
      "version": "1.4.1"
    },
    "node_modules/request/node_modules/oauth-sign": {
      "version": "0.3.0",
      "optional": true,
      "engines": {
        "node": "*"
      }
    },
    "node_modules/request/node_modules/qs": {
      "version": "0.6.6",
      "engines": {
        "node": "*"
      }
    },
    "node_modules/request/node_modules/tough-cookie": {
      "version": "0.12.1",
      "license": "MIT",
      "optional": true,
      "dependencies": {
        "punycode": ">=0.2.0"
      },
      "engines": {
        "node": ">=0.4.12"
      }
    },
    "node_modules/request/node_modules/tough-cookie/node_modules/punycode": {
      "version": "1.2.3",
      "engines": [
        "node",
        "rhino"
      ],
      "optional": true
    },
    "node_modules/request/node_modules/tunnel-agent": {
      "version": "0.3.0",
      "optional": true,
      "engines": {
        "node": "*"
      }
    },
    "node_modules/send": {
      "version": "0.1.4",
      "resolved": "https://registry.npmjs.org/send/-/send-0.1.4.tgz",
      "integrity": "sha512-NJnIaB29/EcNqkNneUAm16oEVnzM2LeNBc/hmgKuExv2k9pCZQEw8SHJeCdjqesHJTyWAr7x5HjeOmRFS4BoFw==",
      "dependencies": {
        "debug": "*",
        "fresh": "0.2.0",
        "mime": "~1.2.9",
        "range-parser": "0.0.4"
      }
    },
    "node_modules/sendgrid": {
      "version": "1.0.4",
      "dependencies": {
        "lodash": "2.0.0",
        "mime": "1.2.9",
        "request": "2.22.0",
        "smtpapi": "1.0.2"
      },
      "engines": {
        "node": ">= 0.4.7"
      }
    },
    "node_modules/sendgrid/node_modules/lodash": {
      "version": "2.0.0",
      "engines": [
        "node",
        "rhino"
      ],
      "license": "MIT"
    },
    "node_modules/sendgrid/node_modules/mime": {
      "version": "1.2.9"
    },
    "node_modules/sendgrid/node_modules/request": {
      "version": "2.22.0",
      "engines": [
        "node >= 0.8.0"
      ],
      "dependencies": {
        "aws-sign": "~0.3.0",
        "cookie-jar": "~0.3.0",
        "forever-agent": "~0.5.0",
        "form-data": "0.0.8",
        "hawk": "~0.13.0",
        "http-signature": "~0.10.0",
        "json-stringify-safe": "~4.0.0",
        "mime": "~1.2.9",
        "node-uuid": "~1.4.0",
        "oauth-sign": "~0.3.0",
        "qs": "~0.6.0",
        "tunnel-agent": "~0.3.0"
      }
    },
    "node_modules/sendgrid/node_modules/request/node_modules/aws-sign": {
      "version": "0.3.0",
      "engines": {
        "node": "*"
      }
    },
    "node_modules/sendgrid/node_modules/request/node_modules/cookie-jar": {
      "version": "0.3.0",
      "engines": {
        "node": "*"
      }
    },
    "node_modules/sendgrid/node_modules/request/node_modules/forever-agent": {
      "version": "0.5.2",
      "engines": {
        "node": "*"
      }
    },
    "node_modules/sendgrid/node_modules/request/node_modules/form-data": {
      "version": "0.0.8",
      "dependencies": {
        "async": "~0.2.7",
        "combined-stream": "~0.0.4",
        "mime": "~1.2.2"
      },
      "engines": {
        "node": ">= 0.6"
      }
    },
    "node_modules/sendgrid/node_modules/request/node_modules/form-data/node_modules/async": {
      "version": "0.2.10"
    },
    "node_modules/sendgrid/node_modules/request/node_modules/form-data/node_modules/combined-stream": {
      "version": "0.0.4",
      "dependencies": {
        "delayed-stream": "0.0.5"
      },
      "engines": {
        "node": "*"
      }
    },
    "node_modules/sendgrid/node_modules/request/node_modules/form-data/node_modules/combined-stream/node_modules/delayed-stream": {
      "version": "0.0.5",
      "engines": {
        "node": ">=0.4.0"
      }
    },
    "node_modules/sendgrid/node_modules/request/node_modules/hawk": {
      "version": "0.13.1",
      "dependencies": {
        "boom": "0.4.x",
        "cryptiles": "0.2.x",
        "hoek": "0.8.x",
        "sntp": "0.2.x"
      },
      "engines": {
        "node": ">=0.8.0"
      }
    },
    "node_modules/sendgrid/node_modules/request/node_modules/hawk/node_modules/boom": {
      "version": "0.4.2",
      "dependencies": {
        "hoek": "0.9.x"
      },
      "engines": {
        "node": ">=0.8.0"
      }
    },
    "node_modules/sendgrid/node_modules/request/node_modules/hawk/node_modules/boom/node_modules/hoek": {
      "version": "0.9.1",
      "engines": {
        "node": ">=0.8.0"
      }
    },
    "node_modules/sendgrid/node_modules/request/node_modules/hawk/node_modules/cryptiles": {
      "version": "0.2.2",
      "dependencies": {
        "boom": "0.4.x"
      },
      "engines": {
        "node": ">=0.8.0"
      }
    },
    "node_modules/sendgrid/node_modules/request/node_modules/hawk/node_modules/hoek": {
      "version": "0.8.5",
      "engines": {
        "node": ">=0.8.0"
      }
    },
    "node_modules/sendgrid/node_modules/request/node_modules/hawk/node_modules/sntp": {
      "version": "0.2.4",
      "dependencies": {
        "hoek": "0.9.x"
      },
      "engines": {
        "node": ">=0.8.0"
      }
    },
    "node_modules/sendgrid/node_modules/request/node_modules/hawk/node_modules/sntp/node_modules/hoek": {
      "version": "0.9.1",
      "engines": {
        "node": ">=0.8.0"
      }
    },
    "node_modules/sendgrid/node_modules/request/node_modules/http-signature": {
      "version": "0.10.0",
      "dependencies": {
        "asn1": "0.1.11",
        "assert-plus": "0.1.2",
        "ctype": "0.5.2"
      },
      "engines": {
        "node": ">=0.8"
      }
    },
    "node_modules/sendgrid/node_modules/request/node_modules/http-signature/node_modules/asn1": {
      "version": "0.1.11",
      "engines": {
        "node": ">=0.4.9"
      }
    },
    "node_modules/sendgrid/node_modules/request/node_modules/http-signature/node_modules/assert-plus": {
      "version": "0.1.2",
      "engines": {
        "node": ">=0.6"
      }
    },
    "node_modules/sendgrid/node_modules/request/node_modules/http-signature/node_modules/ctype": {
      "version": "0.5.2",
      "engines": {
        "node": ">= 0.4"
      }
    },
    "node_modules/sendgrid/node_modules/request/node_modules/json-stringify-safe": {
      "version": "4.0.0",
      "license": "BSD"
    },
    "node_modules/sendgrid/node_modules/request/node_modules/node-uuid": {
      "version": "1.4.1",
      "deprecated": "use uuid module instead"
    },
    "node_modules/sendgrid/node_modules/request/node_modules/oauth-sign": {
      "version": "0.3.0",
      "engines": {
        "node": "*"
      }
    },
    "node_modules/sendgrid/node_modules/request/node_modules/qs": {
      "version": "0.6.6",
      "engines": {
        "node": "*"
      }
    },
    "node_modules/sendgrid/node_modules/request/node_modules/tunnel-agent": {
      "version": "0.3.0",
      "engines": {
        "node": "*"
      }
    },
    "node_modules/sendgrid/node_modules/smtpapi": {
      "version": "1.0.2",
      "license": "BSD"
    },
    "node_modules/underscore": {
      "version": "1.3.3"
    },
    "node_modules/xml2js": {
      "version": "0.1.14",
      "dependencies": {
        "sax": ">=0.1.1"
      }
    },
    "node_modules/xml2js/node_modules/sax": {
      "version": "0.5.8",
      "license": "BSD"
    }
  }
}
